{
    "requires": true,
    "lockfileVersion": 1,
    "dependencies": {
        "vazir-font": {
            "version": "29.1.0",
            "resolved": "https://registry.npmjs.org/vazir-font/-/vazir-font-29.1.0.tgz",
            "integrity": "sha512-UvO5TZVVTKmVLn/q5+KylNtSDlgvxfioClJiNJMgMUsBm1ykqmjLAImY84q16Aci332zefhfuuCaOcMJHMVLug=="
        }
    }
}
